<?xml version="1.0" encoding="utf-8"?>
<Project ToolsVersion="4.0" xmlns="http://schemas.microsoft.com/developer/msbuild/2003">
  <ItemGroup>
    <ClCompile Include="BackDraw.cpp" />
    <ClCompile Include="CameraController.cpp" />
    <ClCompile Include="ChildNumber.cpp" />
    <ClCompile Include="ClearBand.cpp" />
    <ClCompile Include="ClearFlash.cpp" />
    <ClCompile Include="ClearText.cpp" />
    <ClCompile Include="ContorolByStick.cpp" />
    <ClCompile Include="DebugController.cpp" />
    <ClCompile Include="DefaultGameComponent.cpp" />
    <ClCompile Include="FollowPanel.cpp" />
    <ClCompile Include="GravityCore.cpp" />
    <ClCompile Include="InputManager.cpp" />
    <ClCompile Include="GameSettings.cpp" />
    <ClCompile Include="Goal.cpp" />
    <ClCompile Include="HitChecker.cpp" />
    <ClCompile Include="main.cpp" />
    <ClCompile Include="Map.cpp" />
    <ClCompile Include="MobiusLoop.cpp" />
    <ClCompile Include="NumberComponent.cpp" />
    <ClCompile Include="Panel.cpp" />
    <ClCompile Include="PanelManager.cpp" />
    <ClCompile Include="ParentPanel.cpp" />
    <ClCompile Include="ParentSelectPanel.cpp" />
    <ClCompile Include="PauseManager.cpp" />
    <ClCompile Include="Player.cpp" />
    <ClCompile Include="ScrollManager.cpp" />
    <ClCompile Include="SelectPanel.cpp" />
    <ClCompile Include="SelectScreen.cpp" />
    <ClCompile Include="ShakeComponent.cpp" />
    <ClCompile Include="StageManager.cpp" />
    <ClCompile Include="StageSelect.cpp" />
    <ClCompile Include="stdafx.cpp" />
    <ClCompile Include="TestBehavior.cpp" />
    <ClCompile Include="Title.cpp" />
    <ClCompile Include="ReverseText.cpp" />
    <ClCompile Include="SquareParticleEmitter.cpp" />
    <ClCompile Include="SelectPlayer.cpp" />
    <ClCompile Include="SelectZanzo.cpp" />
    <ClCompile Include="SceneChangeAnimation.cpp" />
    <ClCompile Include="GrabTextWindow.cpp" />
    <ClCompile Include="ControlUI.cpp" />
    <ClCompile Include="TextWindow.cpp" />
    <ClCompile Include="TalkText.cpp" />
  </ItemGroup>
  <ItemGroup>
    <ClInclude Include="BackDraw.h" />
    <ClInclude Include="ChildNumber.h" />
    <ClInclude Include="ClearBand.h" />
    <ClInclude Include="ClearFlash.h" />
    <ClInclude Include="ClearText.h" />
    <ClInclude Include="ContorolByStick.h" />
    <ClInclude Include="DebugController.h" />
    <ClInclude Include="FollowPanel.h" />
    <ClInclude Include="GravityCore.h" />
    <ClInclude Include="InputManager.h" />
    <ClInclude Include="GameSettings.h" />
    <ClInclude Include="Goal.h" />
    <ClInclude Include="HitChecker.h" />
    <ClInclude Include="Map.h" />
    <ClInclude Include="MobiusLoop.h" />
    <ClInclude Include="NumberComponent.h" />
    <ClInclude Include="Panel.h" />
    <ClInclude Include="PanelManager.h" />
    <ClInclude Include="ParentPanel.h" />
    <ClInclude Include="ParentSelectPanel.h" />
    <ClInclude Include="PauseManager.h" />
    <ClInclude Include="Player.h" />
    <ClInclude Include="PlayerController.h" />
    <ClInclude Include="ScrollManager.h" />
    <ClInclude Include="SelectPanel.h" />
    <ClInclude Include="SelectScreen.h" />
    <ClInclude Include="ShakeComponent.h" />
    <ClInclude Include="StageManager.h" />
    <ClInclude Include="StageSelect.h" />
    <ClInclude Include="stdafx_u.h" />
    <ClInclude Include="TestBehavior.h" />
    <ClInclude Include="Title.h" />
    <ClInclude Include="ReverseText.h" />
    <ClInclude Include="SquareParticleEmitter.h" />
    <ClInclude Include="SelectPlayer.h" />
    <ClInclude Include="SelectZanzo.h" />
    <ClInclude Include="SceneChangeAnimation.h" />
    <ClInclude Include="GrabTextWindow.h" />
    <ClInclude Include="ControlUI.h" />
    <ClInclude Include="TextWindow.h" />
    <ClInclude Include="TalkText.h" />
  </ItemGroup>
</Project>